{
  "projects": [
    {
      "projectId": "seaQhLVS4bbjiGvJJrRwyL",
      "version": "15.0.3",
      "dependencies": {},
      "lang": "ts",
      "fileLocks": [
        {
          "assetId": "seaQhLVS4bbjiGvJJrRwyL",
          "type": "projectCss",
          "checksum": "85f7ca190f576c5a2499623973afb625"
        }
      ]
    },
    {
      "projectId": "oziCwM22VswxiFyZsu5zc9",
      "version": "latest",
      "dependencies": {
        "seaQhLVS4bbjiGvJJrRwyL": "15.0.3"
      },
      "lang": "ts",
      "fileLocks": [
        {
          "type": "globalVariant",
          "assetId": "2UleRr5sZkQO",
          "checksum": "310785c7bddc2b741d85fc09c96bb483"
        },
        {
          "assetId": "oziCwM22VswxiFyZsu5zc9",
          "type": "projectCss",
          "checksum": "3d663db564ac30b88462b624e3e5bd94"
        },
        {
          "type": "renderModule",
          "assetId": "uXwbWH0abmN",
          "checksum": "1fe05fffc4e0fb838b905a9551ed75a1"
        },
        {
          "type": "cssRules",
          "assetId": "uXwbWH0abmN",
          "checksum": "1fe05fffc4e0fb838b905a9551ed75a1"
        },
        {
          "type": "renderModule",
          "assetId": "AEGXSyY0cKE",
          "checksum": "99fb690b87176a52eb923bf14a653169"
        },
        {
          "type": "cssRules",
          "assetId": "AEGXSyY0cKE",
          "checksum": "99fb690b87176a52eb923bf14a653169"
        },
        {
          "type": "renderModule",
          "assetId": "kKnVskbtalV",
          "checksum": "43e3efbe146a931e1bb327174fa4f721"
        },
        {
          "type": "cssRules",
          "assetId": "kKnVskbtalV",
          "checksum": "43e3efbe146a931e1bb327174fa4f721"
        },
        {
          "type": "renderModule",
          "assetId": "Xm6ls7vw1pX",
          "checksum": "be7e4cfc4ad7de952568a001c41fee2e"
        },
        {
          "type": "cssRules",
          "assetId": "Xm6ls7vw1pX",
          "checksum": "be7e4cfc4ad7de952568a001c41fee2e"
        },
        {
          "type": "renderModule",
          "assetId": "3sXhAKublOas",
          "checksum": "36dc6d2ec4fa86f849fe162bdf2590ac"
        },
        {
          "type": "cssRules",
          "assetId": "3sXhAKublOas",
          "checksum": "36dc6d2ec4fa86f849fe162bdf2590ac"
        },
        {
          "type": "renderModule",
          "assetId": "Kd7NUR2FS6PR",
          "checksum": "52f4f1369744d0a63545663d9b0d3b30"
        },
        {
          "type": "cssRules",
          "assetId": "Kd7NUR2FS6PR",
          "checksum": "52f4f1369744d0a63545663d9b0d3b30"
        },
        {
          "type": "renderModule",
          "assetId": "WZRh3ALaka92",
          "checksum": "a97812974bea10c6073b3cb1ef83bac4"
        },
        {
          "type": "cssRules",
          "assetId": "WZRh3ALaka92",
          "checksum": "a97812974bea10c6073b3cb1ef83bac4"
        },
        {
          "type": "renderModule",
          "assetId": "TlhKCtfqm6NW",
          "checksum": "7cfe39f385a88481ce30a197f55ff636"
        },
        {
          "type": "cssRules",
          "assetId": "TlhKCtfqm6NW",
          "checksum": "7cfe39f385a88481ce30a197f55ff636"
        },
        {
          "type": "renderModule",
          "assetId": "vNoLI-FxQWcb",
          "checksum": "d477dcaa12780606af609fb5eaf0ce00"
        },
        {
          "type": "cssRules",
          "assetId": "vNoLI-FxQWcb",
          "checksum": "d477dcaa12780606af609fb5eaf0ce00"
        },
        {
          "type": "renderModule",
          "assetId": "sAzIJy6R524j",
          "checksum": "3c06a03367e83457dacce27e0af48710"
        },
        {
          "type": "cssRules",
          "assetId": "sAzIJy6R524j",
          "checksum": "3c06a03367e83457dacce27e0af48710"
        },
        {
          "type": "renderModule",
          "assetId": "YKfkw43kjpHc",
          "checksum": "2ac4346f9bb0530ee96d199107ad546b"
        },
        {
          "type": "cssRules",
          "assetId": "YKfkw43kjpHc",
          "checksum": "2ac4346f9bb0530ee96d199107ad546b"
        },
        {
          "type": "icon",
          "assetId": "jT-vy7LL09Pp",
          "checksum": "d86ac1605934c1291de69f4f28c0690d"
        },
        {
          "type": "icon",
          "assetId": "mhFF1kYweYe4",
          "checksum": "b4de5e40efcebd50f407c253755f2bb8"
        },
        {
          "type": "icon",
          "assetId": "OiErU7MkvU6D",
          "checksum": "6851d33c06799d66600e710ea4f09cec"
        },
        {
          "type": "icon",
          "assetId": "1H95dzPDz0uU",
          "checksum": "dc6f0bfd773bc94cdde8fba3195f9725"
        },
        {
          "type": "icon",
          "assetId": "tFiL9dpweMSk",
          "checksum": "f461af42f55d0ccb6fe0359c3d7526fc"
        },
        {
          "type": "icon",
          "assetId": "oexrO-YIbbrW",
          "checksum": "b0d12462d86ac952683c3e7f30802a5b"
        },
        {
          "type": "icon",
          "assetId": "aO4S-TnJbC4r",
          "checksum": "16790024027f843dfd25f34f14a788f0"
        },
        {
          "type": "icon",
          "assetId": "7fO6C5daaTb6",
          "checksum": "b0204e94b51f0ea8cf88b67f5f4594e6"
        },
        {
          "type": "icon",
          "assetId": "iQMmP9T5s-_h",
          "checksum": "bc622e40574cfdc678c5ae02b35e4660"
        },
        {
          "type": "icon",
          "assetId": "cFjT7Um1R0nY",
          "checksum": "599c7769d57953c5ee3b97df3ed7cdb6"
        },
        {
          "type": "icon",
          "assetId": "_mW7XKpzffRQ",
          "checksum": "576fa58d61eaa0851660fb9dc40bd13c"
        },
        {
          "type": "icon",
          "assetId": "4_5Mp-Ak3ABF",
          "checksum": "7eda47e5e78e1a9df32bf921e53efe64"
        },
        {
          "type": "icon",
          "assetId": "hp4_RscspCNT",
          "checksum": "d1099481340bacce6b6c2ae2a7bdc9b2"
        },
        {
          "type": "icon",
          "assetId": "xZ62eZAHw6Hi",
          "checksum": "fdcaf292c248e7ffbae9ccd2f094778e"
        },
        {
          "type": "icon",
          "assetId": "dte-Y-nxlrRs",
          "checksum": "d91c161199220e87e6aaec0a60a5f6ea"
        },
        {
          "type": "icon",
          "assetId": "ExdW8f4r50uT",
          "checksum": "9af1d532f8d4d74366c3bec9b5b6a53a"
        },
        {
          "type": "icon",
          "assetId": "vqeo5QL-3OcD",
          "checksum": "c6a98a23422fb3a8bcf95db9046db544"
        },
        {
          "type": "image",
          "assetId": "6MRblnLJl83N",
          "checksum": "4210ccf856963cc743dd4e0b240924db"
        },
        {
          "type": "image",
          "assetId": "I0fDA2VX5COT",
          "checksum": "b61e8789cc3d4f2dc5d7e25e6456f3fb"
        },
        {
          "type": "image",
          "assetId": "2K_N-dPGkYO5",
          "checksum": "3125bd266bcff0f0cce1d274e8d5597e"
        },
        {
          "type": "image",
          "assetId": "mG8prwBO-4jW",
          "checksum": "64043e775f0a847cb3f5313399225ef9"
        },
        {
          "type": "image",
          "assetId": "Li0C8xXK9Vtm",
          "checksum": "d7c6a37ceb4eea4c7236b275970b3944"
        },
        {
          "type": "image",
          "assetId": "WRda8Fk0_dRK",
          "checksum": "87b7df9753b21b83875cf57f4d1441a9"
        },
        {
          "type": "image",
          "assetId": "trdaYjWuC5EJ",
          "checksum": "0e519d5294fef3df6b442d12a854051c"
        },
        {
          "type": "image",
          "assetId": "c2lrMJAmeWkp",
          "checksum": "6ea260a375c509d71aad294d7f1a4b74"
        },
        {
          "type": "image",
          "assetId": "eD7ylnbykgoj",
          "checksum": "bb06ed9b43b671b10219b2e45bfe570d"
        },
        {
          "type": "image",
          "assetId": "cmXMdwB5I8FR",
          "checksum": "c94cb04609d7297b3a1105a4a46f6450"
        },
        {
          "type": "image",
          "assetId": "hcwFxM2llHx0",
          "checksum": "5edf4f926cdfc4318fd2ef5264eae82d"
        },
        {
          "type": "image",
          "assetId": "7ocjZAGK2wEd",
          "checksum": "96780982a25cb3c81611f085edea4576"
        },
        {
          "type": "image",
          "assetId": "UEppnnq9G-s-",
          "checksum": "b9546b35df10d8493e06d76c60a6116e"
        },
        {
          "type": "image",
          "assetId": "vn2wxBnSqgyL",
          "checksum": "6612e47b426cdba2483c1ff009b4a263"
        },
        {
          "type": "image",
          "assetId": "oRz21JI8YmU-",
          "checksum": "9069e465a69f4720f8090e3f6b726d49"
        },
        {
          "type": "image",
          "assetId": "ZHRo-1vmVTgI",
          "checksum": "637d2e14cf86f01aae933aa7c69cc470"
        },
        {
          "type": "image",
          "assetId": "V6dlkCFpXJBB",
          "checksum": "4e1bbdf68ae8f9766d1445b5ab9ea192"
        },
        {
          "type": "image",
          "assetId": "wEUdzV7EKTUM",
          "checksum": "b6afa090e4b899ddff71309172db5c10"
        },
        {
          "type": "image",
          "assetId": "UXZXRNYJnxU1",
          "checksum": "d43370501dbfefecac75c79092ac21db"
        },
        {
          "type": "image",
          "assetId": "EG8cyrDzQs_z",
          "checksum": "8006e3af24f202fb69ca7cf0fafb66bb"
        },
        {
          "type": "image",
          "assetId": "w7LDYGJ_u1uI",
          "checksum": "89e1a63a905efba23f750d60895ae000"
        },
        {
          "type": "image",
          "assetId": "Sy_gzpPLZZMg",
          "checksum": "22ede46d4f4d2c7be14b7a1cea76bcc4"
        },
        {
          "type": "image",
          "assetId": "RV9Ddjsm5pBG",
          "checksum": "3348d48642538635b180fa7231cd6bd7"
        },
        {
          "type": "image",
          "assetId": "khGaFfv9wOkR",
          "checksum": "3157118c3f0f1cd0d4d2ca986fc3b700"
        },
        {
          "type": "image",
          "assetId": "ujvTyK_VPeQP",
          "checksum": "a927919e8374e7f8f43f077870856ff8"
        }
      ]
    }
  ],
  "cliVersion": "0.1.159"
}
